{
  "name": "Extension",
  "lockfileVersion": 3,
  "requires": true,
  "packages": {
    "": {
      "dependencies": {
        "@litert-lm/core": "^0.15.0"
      }
    },
    "node_modules/@litert-lm/core": {
      "version": "0.15.0",
      "resolved": "https://registry.npmjs.org/@litert-lm/core/-/core-0.15.0.tgz",
      "integrity": "sha512-NWLgsQ7ktO2dCsx2z/KzX9r/1VL2Sfjl31zskCAzGwq8ujPRrBzJXz2IXCQJ1Kj29IaVa4b86SDR0aoAURuWJw==",
      "license": "Apache-2.0",
      "dependencies": {
        "@litertjs/wasm-utils": "^2.0.0"
      }
    },
    "node_modules/@litertjs/wasm-utils": {
      "version": "2.5.3",
      "resolved": "https://registry.npmjs.org/@litertjs/wasm-utils/-/wasm-utils-2.5.3.tgz",
      "integrity": "sha512-4fJiw6tBQnIs+0jH/OQ16nYOiSl8/+zZnn5h2ul8aTKHi05sVqZW580Tmk78pC2kT39A9OYBVdFawteZ/sI1kQ==",
      "license": "Apache-2.0"
    }
  }
}
